
Microsoft Visual Studio Solution File, Format Version 12.00
# Visual Studio 15
VisualStudioVersion = 15.0.28307.168
MinimumVisualStudioVersion = 10.0.40219.1
Project("{9A19103F-16F7-4668-BE54-9A1E7A4F7556}") = "GalacticWasteManagement", "GalacticWasteManagement\GalacticWasteManagement.csproj", "{9161F75A-5110-477E-AB6F-61ACFFB390BE}"
EndProject
Project("{9A19103F-16F7-4668-BE54-9A1E7A4F7556}") = "GalacticWasteManagement.Tests", "GalacticWasteManagement.Tests\GalacticWasteManagement.Tests.csproj", "{241B7B81-AD0E-4BBA-A1A7-EC0ED9198AA1}"
EndProject
Project("{2150E333-8FDC-42A3-9474-1A3956D46DE8}") = "Solution Items", "Solution Items", "{EC89BBE2-EF20-4E79-9C87-8C0D9170393B}"
	ProjectSection(SolutionItems) = preProject
		ReadMe.md = ReadMe.md
	EndProjectSection
EndProject
Project("{9A19103F-16F7-4668-BE54-9A1E7A4F7556}") = "ConsoleApp1", "ConsoleApp1\ConsoleApp1.csproj", "{30267721-E057-4D1A-AD9A-EFA73AAEF2F4}"
EndProject
Global
	GlobalSection(SolutionConfigurationPlatforms) = preSolution
		Debug|Any CPU = Debug|Any CPU
		Release|Any CPU = Release|Any CPU
	EndGlobalSection
	GlobalSection(ProjectConfigurationPlatforms) = postSolution
		{9161F75A-5110-477E-AB6F-61ACFFB390BE}.Debug|Any CPU.ActiveCfg = Debug|Any CPU
		{9161F75A-5110-477E-AB6F-61ACFFB390BE}.Debug|Any CPU.Build.0 = Debug|Any CPU
		{9161F75A-5110-477E-AB6F-61ACFFB390BE}.Release|Any CPU.ActiveCfg = Release|Any CPU
		{9161F75A-5110-477E-AB6F-61ACFFB390BE}.Release|Any CPU.Build.0 = Release|Any CPU
		{241B7B81-AD0E-4BBA-A1A7-EC0ED9198AA1}.Debug|Any CPU.ActiveCfg = Debug|Any CPU
		{241B7B81-AD0E-4BBA-A1A7-EC0ED9198AA1}.Debug|Any CPU.Build.0 = Debug|Any CPU
		{241B7B81-AD0E-4BBA-A1A7-EC0ED9198AA1}.Release|Any CPU.ActiveCfg = Release|Any CPU
		{241B7B81-AD0E-4BBA-A1A7-EC0ED9198AA1}.Release|Any CPU.Build.0 = Release|Any CPU
		{30267721-E057-4D1A-AD9A-EFA73AAEF2F4}.Debug|Any CPU.ActiveCfg = Debug|Any CPU
		{30267721-E057-4D1A-AD9A-EFA73AAEF2F4}.Debug|Any CPU.Build.0 = Debug|Any CPU
		{30267721-E057-4D1A-AD9A-EFA73AAEF2F4}.Release|Any CPU.ActiveCfg = Release|Any CPU
		{30267721-E057-4D1A-AD9A-EFA73AAEF2F4}.Release|Any CPU.Build.0 = Release|Any CPU
	EndGlobalSection
	GlobalSection(SolutionProperties) = preSolution
		HideSolutionNode = FALSE
	EndGlobalSection
	GlobalSection(ExtensibilityGlobals) = postSolution
		SolutionGuid = {1E8A279C-1EE0-442C-979D-46D17123BC88}
	EndGlobalSection
EndGlobal
